PODS:
  - Alamofire (4.9.1)
  - Flutter (1.0.0)
  - flutter_uploader (1.2.0):
    - Alamofire (= 4.9.1)
    - Flutter
  - image_picker (0.0.1):
    - Flutter
  - permission_handler (4.0.0):
    - Flutter

DEPENDENCIES:
  - Flutter (from `.symlinks/flutter/ios`)
  - flutter_uploader (from `.symlinks/plugins/flutter_uploader/ios`)
  - image_picker (from `.symlinks/plugins/image_picker/ios`)
  - permission_handler (from `.symlinks/plugins/permission_handler/ios`)

SPEC REPOS:
  trunk:
    - Alamofire

EXTERNAL SOURCES:
  Flutter:
    :path: ".symlinks/flutter/ios"
  flutter_uploader:
    :path: ".symlinks/plugins/flutter_uploader/ios"
  image_picker:
    :path: ".symlinks/plugins/image_picker/ios"
  permission_handler:
    :path: ".symlinks/plugins/permission_handler/ios"

SPEC CHECKSUMS:
  Alamofire: 85e8a02c69d6020a0d734f6054870d7ecb75cf18
  Flutter: 0e3d915762c693b495b44d77113d4970485de6ec
  flutter_uploader: 7957e1b9d6516b6cccc37e5ffd6c5a0975a7cc4c
  image_picker: e3eacd46b94694dde7cf2705955cece853aa1a8f
  permission_handler: 0fb88b8a3c23e31e5de45b8f1bb8b7de28cf8941

PODFILE CHECKSUM: b6a0a141693093b304368d08511b46cf3d1d0ac5

COCOAPODS: 1.8.4
